<?xml version="1.0" encoding="utf-8"?>
<Project ToolsVersion="4.0" xmlns="http://schemas.microsoft.com/developer/msbuild/2003">
  <ItemGroup>
    <Filter Include="Math">
      <UniqueIdentifier>{3f852cef-c314-4306-bdec-7c0b64b15961}</UniqueIdentifier>
    </Filter>
    <Filter Include="Time">
      <UniqueIdentifier>{4FC737F1-C7A5-4376-A066-2A32D752A2FF}</UniqueIdentifier>
      <Extensions>
      </Extensions>
    </Filter>
    <Filter Include="Input">
      <UniqueIdentifier>{614ffc27-bce7-4d13-9c80-73d3f02d7127}</UniqueIdentifier>
    </Filter>
    <Filter Include="ThirdParty">
      <UniqueIdentifier>{e104e30a-9340-41c1-898b-b8bc0d7f9693}</UniqueIdentifier>
    </Filter>
    <Filter Include="ThirdParty\stb">
      <UniqueIdentifier>{21b8363e-1991-4af3-8be5-b5995a3de973}</UniqueIdentifier>
    </Filter>
    <Filter Include="Error">
      <UniqueIdentifier>{953a5577-126e-43a2-883e-ba7fe56e2767}</UniqueIdentifier>
    </Filter>
    <Filter Include="String">
      <UniqueIdentifier>{362ccd5c-f942-4256-92ee-5235dba6bbb4}</UniqueIdentifier>
    </Filter>
    <Filter Include="ThirdParty\fmod">
      <UniqueIdentifier>{a5be19eb-f514-40c8-a3cd-2736a446e583}</UniqueIdentifier>
    </Filter>
    <Filter Include="Audio">
      <UniqueIdentifier>{f8229c42-2abf-41a7-838f-e9070b5255dc}</UniqueIdentifier>
    </Filter>
    <Filter Include="FileUtils">
      <UniqueIdentifier>{6a00c0d8-2016-4318-b50a-1633d7925348}</UniqueIdentifier>
    </Filter>
    <Filter Include="Core">
      <UniqueIdentifier>{59b858bc-e968-4e64-bb3e-7e3c58bdf4ee}</UniqueIdentifier>
    </Filter>
    <Filter Include="Renderer">
      <UniqueIdentifier>{5a3e139c-f142-4b70-804b-51b2ea33a48a}</UniqueIdentifier>
    </Filter>
    <Filter Include="Renderer\SD3">
      <UniqueIdentifier>{7d939877-14a5-4a43-ab80-f537dc758091}</UniqueIdentifier>
    </Filter>
    <Filter Include="Physics">
      <UniqueIdentifier>{37b5a58d-47c0-4fc6-9eb2-90fd2653533a}</UniqueIdentifier>
    </Filter>
  </ItemGroup>
  <ItemGroup>
    <ClCompile Include="Math\Vector2.cpp">
      <Filter>Math</Filter>
    </ClCompile>
    <ClCompile Include="Math\MathUtils.cpp">
      <Filter>Math</Filter>
    </ClCompile>
    <ClCompile Include="Input\XboxController.cpp">
      <Filter>Input</Filter>
    </ClCompile>
    <ClCompile Include="Time\Time.cpp">
      <Filter>Time</Filter>
    </ClCompile>
    <ClCompile Include="Renderer\TheRenderer.cpp">
      <Filter>Renderer</Filter>
    </ClCompile>
    <ClCompile Include="Math\PolarCoords.cpp">
      <Filter>Math</Filter>
    </ClCompile>
    <ClCompile Include="Math\IntVector2.cpp">
      <Filter>Math</Filter>
    </ClCompile>
    <ClCompile Include="Math\AABB2.cpp">
      <Filter>Math</Filter>
    </ClCompile>
    <ClCompile Include="Renderer\Texture.cpp">
      <Filter>Renderer</Filter>
    </ClCompile>
    <ClCompile Include="..\ThirdParty\stb\stb_image.c">
      <Filter>ThirdParty\stb</Filter>
    </ClCompile>
    <ClCompile Include="Error\ErrorWarningAssert.cpp">
      <Filter>Error</Filter>
    </ClCompile>
    <ClCompile Include="String\StringUtils.cpp">
      <Filter>String</Filter>
    </ClCompile>
    <ClCompile Include="Renderer\Rgba.cpp">
      <Filter>Renderer</Filter>
    </ClCompile>
    <ClCompile Include="..\ThirdParty\stb\stb_image_write.c">
      <Filter>ThirdParty\stb</Filter>
    </ClCompile>
    <ClCompile Include="Renderer\SpriteSheet.cpp">
      <Filter>Renderer</Filter>
    </ClCompile>
    <ClCompile Include="Renderer\SpriteAnimation.cpp">
      <Filter>Renderer</Filter>
    </ClCompile>
    <ClCompile Include="Audio\TheAudio.cpp">
      <Filter>Audio</Filter>
    </ClCompile>
    <ClCompile Include="Input\TheInput.cpp">
      <Filter>Input</Filter>
    </ClCompile>
    <ClCompile Include="Math\Vector3.cpp">
      <Filter>Math</Filter>
    </ClCompile>
    <ClCompile Include="Math\IntVector3.cpp">
      <Filter>Math</Filter>
    </ClCompile>
    <ClCompile Include="Math\AABB3.cpp">
      <Filter>Math</Filter>
    </ClCompile>
    <ClCompile Include="Renderer\BitmapFont.cpp">
      <Filter>Renderer</Filter>
    </ClCompile>
    <ClCompile Include="Math\EulerAngles.cpp">
      <Filter>Math</Filter>
    </ClCompile>
    <ClCompile Include="Renderer\Vertexes.cpp">
      <Filter>Renderer</Filter>
    </ClCompile>
    <ClCompile Include="Math\Noise.cpp">
      <Filter>Math</Filter>
    </ClCompile>
    <ClCompile Include="FileUtils\FileUtils.cpp">
      <Filter>FileUtils</Filter>
    </ClCompile>
    <ClCompile Include="Renderer\OpenGLExtensions.cpp">
      <Filter>Renderer</Filter>
    </ClCompile>
    <ClCompile Include="Math\Vector4.cpp">
      <Filter>Math</Filter>
    </ClCompile>
    <ClCompile Include="Core\TheConsole.cpp">
      <Filter>Core</Filter>
    </ClCompile>
    <ClCompile Include="Core\Command.cpp">
      <Filter>Core</Filter>
    </ClCompile>
    <ClCompile Include="Math\Matrix4x4.cpp">
      <Filter>Math</Filter>
    </ClCompile>
    <ClCompile Include="Renderer\Sampler.cpp">
      <Filter>Renderer\SD3</Filter>
    </ClCompile>
    <ClCompile Include="Renderer\Shader.cpp">
      <Filter>Renderer\SD3</Filter>
    </ClCompile>
    <ClCompile Include="Renderer\VertexDefinition.cpp">
      <Filter>Renderer\SD3</Filter>
    </ClCompile>
    <ClCompile Include="Renderer\RenderState.cpp">
      <Filter>Renderer\SD3</Filter>
    </ClCompile>
    <ClCompile Include="Renderer\ShaderProgram.cpp">
      <Filter>Renderer\SD3</Filter>
    </ClCompile>
    <ClCompile Include="Renderer\Mesh.cpp">
      <Filter>Renderer\SD3</Filter>
    </ClCompile>
    <ClCompile Include="Renderer\Material.cpp">
      <Filter>Renderer\SD3</Filter>
    </ClCompile>
    <ClCompile Include="Renderer\VertexBuffer.cpp">
      <Filter>Renderer\SD3</Filter>
    </ClCompile>
    <ClCompile Include="Renderer\MeshRenderer.cpp">
      <Filter>Renderer\SD3</Filter>
    </ClCompile>
    <ClCompile Include="Renderer\Light.cpp">
      <Filter>Renderer\SD3</Filter>
    </ClCompile>
    <ClCompile Include="Renderer\FrameBuffer.cpp">
      <Filter>Renderer\SD3</Filter>
    </ClCompile>
    <ClCompile Include="Physics\PhysicsUtils.cpp">
      <Filter>Physics</Filter>
    </ClCompile>
    <ClCompile Include="Renderer\DebugRenderCommand.cpp">
      <Filter>Renderer</Filter>
    </ClCompile>
  </ItemGroup>
  <ItemGroup>
    <ClInclude Include="Math\Vector2.hpp">
      <Filter>Math</Filter>
    </ClInclude>
    <ClInclude Include="Math\MathUtils.hpp">
      <Filter>Math</Filter>
    </ClInclude>
    <ClInclude Include="Input\XboxController.hpp">
      <Filter>Input</Filter>
    </ClInclude>
    <ClInclude Include="Time\Time.hpp">
      <Filter>Time</Filter>
    </ClInclude>
    <ClInclude Include="Renderer\TheRenderer.hpp">
      <Filter>Renderer</Filter>
    </ClInclude>
    <ClInclude Include="Math\PolarCoords.hpp">
      <Filter>Math</Filter>
    </ClInclude>
    <ClInclude Include="Math\IntVector2.hpp">
      <Filter>Math</Filter>
    </ClInclude>
    <ClInclude Include="Math\AABB2.hpp">
      <Filter>Math</Filter>
    </ClInclude>
    <ClInclude Include="Renderer\Texture.hpp">
      <Filter>Renderer</Filter>
    </ClInclude>
    <ClInclude Include="Error\ErrorWarningAssert.hpp">
      <Filter>Error</Filter>
    </ClInclude>
    <ClInclude Include="String\StringUtils.hpp">
      <Filter>String</Filter>
    </ClInclude>
    <ClInclude Include="Renderer\Rgba.hpp">
      <Filter>Renderer</Filter>
    </ClInclude>
    <ClInclude Include="..\ThirdParty\stb\stb_image.h">
      <Filter>ThirdParty\stb</Filter>
    </ClInclude>
    <ClInclude Include="..\ThirdParty\stb\stb_image_write.h">
      <Filter>ThirdParty\stb</Filter>
    </ClInclude>
    <ClInclude Include="Renderer\SpriteSheet.hpp">
      <Filter>Renderer</Filter>
    </ClInclude>
    <ClInclude Include="..\ThirdParty\fmod\fmod.h">
      <Filter>ThirdParty\fmod</Filter>
    </ClInclude>
    <ClInclude Include="..\ThirdParty\fmod\fmod.hpp">
      <Filter>ThirdParty\fmod</Filter>
    </ClInclude>
    <ClInclude Include="..\ThirdParty\fmod\fmod_codec.h">
      <Filter>ThirdParty\fmod</Filter>
    </ClInclude>
    <ClInclude Include="..\ThirdParty\fmod\fmod_dsp.h">
      <Filter>ThirdParty\fmod</Filter>
    </ClInclude>
    <ClInclude Include="..\ThirdParty\fmod\fmod_errors.h">
      <Filter>ThirdParty\fmod</Filter>
    </ClInclude>
    <ClInclude Include="..\ThirdParty\fmod\fmod_memoryinfo.h">
      <Filter>ThirdParty\fmod</Filter>
    </ClInclude>
    <ClInclude Include="..\ThirdParty\fmod\fmod_output.h">
      <Filter>ThirdParty\fmod</Filter>
    </ClInclude>
    <ClInclude Include="Renderer\SpriteAnimation.hpp">
      <Filter>Renderer</Filter>
    </ClInclude>
    <ClInclude Include="Audio\TheAudio.hpp">
      <Filter>Audio</Filter>
    </ClInclude>
    <ClInclude Include="Input\TheInput.hpp">
      <Filter>Input</Filter>
    </ClInclude>
    <ClInclude Include="Math\Vector3.hpp">
      <Filter>Math</Filter>
    </ClInclude>
    <ClInclude Include="Math\IntVector3.hpp">
      <Filter>Math</Filter>
    </ClInclude>
    <ClInclude Include="Math\AABB3.hpp">
      <Filter>Math</Filter>
    </ClInclude>
    <ClInclude Include="Renderer\BitmapFont.hpp">
      <Filter>Renderer</Filter>
    </ClInclude>
    <ClInclude Include="EngineCommon.hpp" />
    <ClInclude Include="Math\EulerAngles.hpp">
      <Filter>Math</Filter>
    </ClInclude>
    <ClInclude Include="Renderer\Vertexes.hpp">
      <Filter>Renderer</Filter>
    </ClInclude>
    <ClInclude Include="Math\Noise.hpp">
      <Filter>Math</Filter>
    </ClInclude>
    <ClInclude Include="FileUtils\FileUtils.hpp">
      <Filter>FileUtils</Filter>
    </ClInclude>
    <ClInclude Include="Renderer\OpenGLExtensions.hpp">
      <Filter>Renderer</Filter>
    </ClInclude>
    <ClInclude Include="Renderer\glext.h">
      <Filter>Renderer</Filter>
    </ClInclude>
    <ClInclude Include="Renderer\wglext.h">
      <Filter>Renderer</Filter>
    </ClInclude>
    <ClInclude Include="Math\Vector4.hpp">
      <Filter>Math</Filter>
    </ClInclude>
    <ClInclude Include="Core\TheConsole.hpp">
      <Filter>Core</Filter>
    </ClInclude>
    <ClInclude Include="Core\Command.hpp">
      <Filter>Core</Filter>
    </ClInclude>
    <ClInclude Include="Math\Matrix4x4.hpp">
      <Filter>Math</Filter>
    </ClInclude>
    <ClInclude Include="Renderer\Sampler.hpp">
      <Filter>Renderer\SD3</Filter>
    </ClInclude>
    <ClInclude Include="Renderer\Shader.hpp">
      <Filter>Renderer\SD3</Filter>
    </ClInclude>
    <ClInclude Include="Renderer\VertexDefinition.hpp">
      <Filter>Renderer\SD3</Filter>
    </ClInclude>
    <ClInclude Include="Renderer\RenderState.hpp">
      <Filter>Renderer\SD3</Filter>
    </ClInclude>
    <ClInclude Include="Renderer\ShaderProgram.hpp">
      <Filter>Renderer\SD3</Filter>
    </ClInclude>
    <ClInclude Include="Renderer\Mesh.hpp">
      <Filter>Renderer\SD3</Filter>
    </ClInclude>
    <ClInclude Include="Renderer\Material.hpp">
      <Filter>Renderer\SD3</Filter>
    </ClInclude>
    <ClInclude Include="Renderer\VertexBuffer.hpp">
      <Filter>Renderer\SD3</Filter>
    </ClInclude>
    <ClInclude Include="Renderer\MeshRenderer.hpp">
      <Filter>Renderer\SD3</Filter>
    </ClInclude>
    <ClInclude Include="Renderer\Light.hpp">
      <Filter>Renderer\SD3</Filter>
    </ClInclude>
    <ClInclude Include="Renderer\FrameBuffer.hpp">
      <Filter>Renderer\SD3</Filter>
    </ClInclude>
    <ClInclude Include="Physics\PhysicsUtils.hpp">
      <Filter>Physics</Filter>
    </ClInclude>
    <ClInclude Include="Renderer\DebugRenderCommand.hpp">
      <Filter>Renderer</Filter>
    </ClInclude>
  </ItemGroup>
  <ItemGroup>
    <Library Include="..\ThirdParty\fmod\fmodex_vc.lib">
      <Filter>ThirdParty\fmod</Filter>
    </Library>
  </ItemGroup>
</Project>